
Microsoft Visual Studio Solution File, Format Version 12.00
# Visual Studio 2013
VisualStudioVersion = 12.0.40629.0
MinimumVisualStudioVersion = 10.0.40219.1
Project("{FAE04EC0-301F-11D3-BF4B-00C04F79EFBC}") = "Core", "Core\Core.csproj", "{42344A7E-CB0E-4205-8E55-337E19740E55}"
EndProject
Project("{FAE04EC0-301F-11D3-BF4B-00C04F79EFBC}") = "CoreTests", "CoreTests\CoreTests.csproj", "{D512923D-90EB-43B6-941D-42C8FFA4B5FF}"
EndProject
Project("{FAE04EC0-301F-11D3-BF4B-00C04F79EFBC}") = "Controls", "Controls\Controls.csproj", "{F2C68EBF-6409-47AB-9376-A13EB5358F6E}"
EndProject
Project("{FAE04EC0-301F-11D3-BF4B-00C04F79EFBC}") = "ControlTests", "ControlTests\ControlTests.csproj", "{04F4F054-78C2-4BD8-835C-F6AED60FACF9}"
EndProject
Project("{FAE04EC0-301F-11D3-BF4B-00C04F79EFBC}") = "ControlsExample", "ControlsExample\ControlsExample.csproj", "{2BB32DFD-E046-4B81-8C5F-29FBCEFAE6D5}"
EndProject
Global
	GlobalSection(SolutionConfigurationPlatforms) = preSolution
		Debug|Any CPU = Debug|Any CPU
		Release|Any CPU = Release|Any CPU
	EndGlobalSection
	GlobalSection(ProjectConfigurationPlatforms) = postSolution
		{42344A7E-CB0E-4205-8E55-337E19740E55}.Debug|Any CPU.ActiveCfg = Debug|Any CPU
		{42344A7E-CB0E-4205-8E55-337E19740E55}.Debug|Any CPU.Build.0 = Debug|Any CPU
		{42344A7E-CB0E-4205-8E55-337E19740E55}.Release|Any CPU.ActiveCfg = Release|Any CPU
		{42344A7E-CB0E-4205-8E55-337E19740E55}.Release|Any CPU.Build.0 = Release|Any CPU
		{D512923D-90EB-43B6-941D-42C8FFA4B5FF}.Debug|Any CPU.ActiveCfg = Debug|Any CPU
		{D512923D-90EB-43B6-941D-42C8FFA4B5FF}.Debug|Any CPU.Build.0 = Debug|Any CPU
		{D512923D-90EB-43B6-941D-42C8FFA4B5FF}.Release|Any CPU.ActiveCfg = Release|Any CPU
		{D512923D-90EB-43B6-941D-42C8FFA4B5FF}.Release|Any CPU.Build.0 = Release|Any CPU
		{F2C68EBF-6409-47AB-9376-A13EB5358F6E}.Debug|Any CPU.ActiveCfg = Debug|Any CPU
		{F2C68EBF-6409-47AB-9376-A13EB5358F6E}.Debug|Any CPU.Build.0 = Debug|Any CPU
		{F2C68EBF-6409-47AB-9376-A13EB5358F6E}.Release|Any CPU.ActiveCfg = Release|Any CPU
		{F2C68EBF-6409-47AB-9376-A13EB5358F6E}.Release|Any CPU.Build.0 = Release|Any CPU
		{04F4F054-78C2-4BD8-835C-F6AED60FACF9}.Debug|Any CPU.ActiveCfg = Debug|Any CPU
		{04F4F054-78C2-4BD8-835C-F6AED60FACF9}.Debug|Any CPU.Build.0 = Debug|Any CPU
		{04F4F054-78C2-4BD8-835C-F6AED60FACF9}.Release|Any CPU.ActiveCfg = Release|Any CPU
		{04F4F054-78C2-4BD8-835C-F6AED60FACF9}.Release|Any CPU.Build.0 = Release|Any CPU
		{2BB32DFD-E046-4B81-8C5F-29FBCEFAE6D5}.Debug|Any CPU.ActiveCfg = Debug|Any CPU
		{2BB32DFD-E046-4B81-8C5F-29FBCEFAE6D5}.Debug|Any CPU.Build.0 = Debug|Any CPU
		{2BB32DFD-E046-4B81-8C5F-29FBCEFAE6D5}.Release|Any CPU.ActiveCfg = Release|Any CPU
		{2BB32DFD-E046-4B81-8C5F-29FBCEFAE6D5}.Release|Any CPU.Build.0 = Release|Any CPU
	EndGlobalSection
	GlobalSection(SolutionProperties) = preSolution
		HideSolutionNode = FALSE
	EndGlobalSection
EndGlobal
